// !$*UTF8*$!
{
	archiveVersion = 1;
	classes = {
	};
	objectVersion = 50;
	objects = {

/* Begin PBXBuildFile section */
		061447F1208AA2E4000E7D8A /* AppDelegate.swift in Sources */ = {isa = PBXBuildFile; fileRef = 061447F0208AA2E4000E7D8A /* AppDelegate.swift */; };
		061447F3208AA2E4000E7D8A /* ViewController.swift in Sources */ = {isa = PBXBuildFile; fileRef = 061447F2208AA2E4000E7D8A /* ViewController.swift */; };
		061447F6208AA2E4000E7D8A /* Main.storyboard in Resources */ = {isa = PBXBuildFile; fileRef = 061447F4208AA2E4000E7D8A /* Main.storyboard */; };
		061447F8208AA2E6000E7D8A /* Assets.xcassets in Resources */ = {isa = PBXBuildFile; fileRef = 061447F7208AA2E6000E7D8A /* Assets.xcassets */; };
		061447FB208AA2E6000E7D8A /* LaunchScreen.storyboard in Resources */ = {isa = PBXBuildFile; fileRef = 061447F9208AA2E6000E7D8A /* LaunchScreen.storyboard */; };
		06144806208AA2E6000E7D8A /* TopNewsTests.swift in Sources */ = {isa = PBXBuildFile; fileRef = 06144805208AA2E6000E7D8A /* TopNewsTests.swift */; };
		06E499B8208AC11E004B3393 /* Article.swift in Sources */ = {isa = PBXBuildFile; fileRef = 06E499B7208AC11E004B3393 /* Article.swift */; };
		19D1499AC487AE92C3CBC29F /* Pods_TopNewsTests.framework in Frameworks */ = {isa = PBXBuildFile; fileRef = 8C52E371B5D34BB6A86C03C7 /* Pods_TopNewsTests.framework */; };
		ADEB7187866C6E7EAA5D2A6B /* Pods_TopNews.framework in Frameworks */ = {isa = PBXBuildFile; fileRef = AE7245A885D4BE70E06906A4 /* Pods_TopNews.framework */; };
/* End PBXBuildFile section */

/* Begin PBXContainerItemProxy section */
		06144802208AA2E6000E7D8A /* PBXContainerItemProxy */ = {
			isa = PBXContainerItemProxy;
			containerPortal = 061447E5208AA2E4000E7D8A /* Project object */;
			proxyType = 1;
			remoteGlobalIDString = 061447EC208AA2E4000E7D8A;
			remoteInfo = TopNews;
		};
/* End PBXContainerItemProxy section */

/* Begin PBXFileReference section */
		061447ED208AA2E4000E7D8A /* TopNews.app */ = {isa = PBXFileReference; explicitFileType = wrapper.application; includeInIndex = 0; path = TopNews.app; sourceTree = BUILT_PRODUCTS_DIR; };
		061447F0208AA2E4000E7D8A /* AppDelegate.swift */ = {isa = PBXFileReference; lastKnownFileType = sourcecode.swift; path = AppDelegate.swift; sourceTree = "<group>"; };
		061447F2208AA2E4000E7D8A /* ViewController.swift */ = {isa = PBXFileReference; lastKnownFileType = sourcecode.swift; path = ViewController.swift; sourceTree = "<group>"; };
		061447F5208AA2E4000E7D8A /* Base */ = {isa = PBXFileReference; lastKnownFileType = file.storyboard; name = Base; path = Base.lproj/Main.storyboard; sourceTree = "<group>"; };
		061447F7208AA2E6000E7D8A /* Assets.xcassets */ = {isa = PBXFileReference; lastKnownFileType = folder.assetcatalog; path = Assets.xcassets; sourceTree = "<group>"; };
		061447FA208AA2E6000E7D8A /* Base */ = {isa = PBXFileReference; lastKnownFileType = file.storyboard; name = Base; path = Base.lproj/LaunchScreen.storyboard; sourceTree = "<group>"; };
		061447FC208AA2E6000E7D8A /* Info.plist */ = {isa = PBXFileReference; lastKnownFileType = text.plist.xml; path = Info.plist; sourceTree = "<group>"; };
		06144801208AA2E6000E7D8A /* TopNewsTests.xctest */ = {isa = PBXFileReference; explicitFileType = wrapper.cfbundle; includeInIndex = 0; path = TopNewsTests.xctest; sourceTree = BUILT_PRODUCTS_DIR; };
		06144805208AA2E6000E7D8A /* TopNewsTests.swift */ = {isa = PBXFileReference; lastKnownFileType = sourcecode.swift; path = TopNewsTests.swift; sourceTree = "<group>"; };
		06144807208AA2E6000E7D8A /* Info.plist */ = {isa = PBXFileReference; lastKnownFileType = text.plist.xml; path = Info.plist; sourceTree = "<group>"; };
		06E499B7208AC11E004B3393 /* Article.swift */ = {isa = PBXFileReference; lastKnownFileType = sourcecode.swift; path = Article.swift; sourceTree = "<group>"; };
		35745DD203321DD7A4FDF7D9 /* Pods-TopNewsTests.debug.xcconfig */ = {isa = PBXFileReference; includeInIndex = 1; lastKnownFileType = text.xcconfig; name = "Pods-TopNewsTests.debug.xcconfig"; path = "Pods/Target Support Files/Pods-TopNewsTests/Pods-TopNewsTests.debug.xcconfig"; sourceTree = "<group>"; };
		8C52E371B5D34BB6A86C03C7 /* Pods_TopNewsTests.framework */ = {isa = PBXFileReference; explicitFileType = wrapper.framework; includeInIndex = 0; path = Pods_TopNewsTests.framework; sourceTree = BUILT_PRODUCTS_DIR; };
		ACF9936E698C48D819FC9444 /* Pods-TopNewsTests.release.xcconfig */ = {isa = PBXFileReference; includeInIndex = 1; lastKnownFileType = text.xcconfig; name = "Pods-TopNewsTests.release.xcconfig"; path = "Pods/Target Support Files/Pods-TopNewsTests/Pods-TopNewsTests.release.xcconfig"; sourceTree = "<group>"; };
		AE7245A885D4BE70E06906A4 /* Pods_TopNews.framework */ = {isa = PBXFileReference; explicitFileType = wrapper.framework; includeInIndex = 0; path = Pods_TopNews.framework; sourceTree = BUILT_PRODUCTS_DIR; };
		C4314E8C7CB637B4D2909759 /* Pods-TopNews.debug.xcconfig */ = {isa = PBXFileReference; includeInIndex = 1; lastKnownFileType = text.xcconfig; name = "Pods-TopNews.debug.xcconfig"; path = "Pods/Target Support Files/Pods-TopNews/Pods-TopNews.debug.xcconfig"; sourceTree = "<group>"; };
		D34341FEB15809F01987DAAC /* Pods-TopNews.release.xcconfig */ = {isa = PBXFileReference; includeInIndex = 1; lastKnownFileType = text.xcconfig; name = "Pods-TopNews.release.xcconfig"; path = "Pods/Target Support Files/Pods-TopNews/Pods-TopNews.release.xcconfig"; sourceTree = "<group>"; };
/* End PBXFileReference section */

/* Begin PBXFrameworksBuildPhase section */
		061447EA208AA2E4000E7D8A /* Frameworks */ = {
			isa = PBXFrameworksBuildPhase;
			buildActionMask = 2147483647;
			files = (
				ADEB7187866C6E7EAA5D2A6B /* Pods_TopNews.framework in Frameworks */,
			);
			runOnlyForDeploymentPostprocessing = 0;
		};
		061447FE208AA2E6000E7D8A /* Frameworks */ = {
			isa = PBXFrameworksBuildPhase;
			buildActionMask = 2147483647;
			files = (
				19D1499AC487AE92C3CBC29F /* Pods_TopNewsTests.framework in Frameworks */,
			);
			runOnlyForDeploymentPostprocessing = 0;
		};
/* End PBXFrameworksBuildPhase section */

/* Begin PBXGroup section */
		061447E4208AA2E4000E7D8A = {
			isa = PBXGroup;
			children = (
				061447EF208AA2E4000E7D8A /* TopNews */,
				06144804208AA2E6000E7D8A /* TopNewsTests */,
				061447EE208AA2E4000E7D8A /* Products */,
				7C74F1914DD5E6DFCAE1AAC3 /* Pods */,
				BF9F756D365D35D46ACD200D /* Frameworks */,
			);
			sourceTree = "<group>";
		};
		061447EE208AA2E4000E7D8A /* Products */ = {
			isa = PBXGroup;
			children = (
				061447ED208AA2E4000E7D8A /* TopNews.app */,
				06144801208AA2E6000E7D8A /* TopNewsTests.xctest */,
			);
			name = Products;
			sourceTree = "<group>";
		};
		061447EF208AA2E4000E7D8A /* TopNews */ = {
			isa = PBXGroup;
			children = (
				06E499B6208AC108004B3393 /* Model */,
				061447F0208AA2E4000E7D8A /* AppDelegate.swift */,
				061447F2208AA2E4000E7D8A /* ViewController.swift */,
				06E499B3208AC08D004B3393 /* Storyboards */,
				06E499B4208AC099004B3393 /* Assets */,
				061447FC208AA2E6000E7D8A /* Info.plist */,
			);
			path = TopNews;
			sourceTree = "<group>";
		};
		06144804208AA2E6000E7D8A /* TopNewsTests */ = {
			isa = PBXGroup;
			children = (
				06144805208AA2E6000E7D8A /* TopNewsTests.swift */,
				06144807208AA2E6000E7D8A /* Info.plist */,
			);
			path = TopNewsTests;
			sourceTree = "<group>";
		};
		06E499B3208AC08D004B3393 /* Storyboards */ = {
			isa = PBXGroup;
			children = (
				061447F4208AA2E4000E7D8A /* Main.storyboard */,
				061447F9208AA2E6000E7D8A /* LaunchScreen.storyboard */,
			);
			path = Storyboards;
			sourceTree = "<group>";
		};
		06E499B4208AC099004B3393 /* Assets */ = {
			isa = PBXGroup;
			children = (
				061447F7208AA2E6000E7D8A /* Assets.xcassets */,
			);
			path = Assets;
			sourceTree = "<group>";
		};
		06E499B6208AC108004B3393 /* Model */ = {
			isa = PBXGroup;
			children = (
				06E499B7208AC11E004B3393 /* Article.swift */,
			);
			path = Model;
			sourceTree = "<group>";
		};
		7C74F1914DD5E6DFCAE1AAC3 /* Pods */ = {
			isa = PBXGroup;
			children = (
				C4314E8C7CB637B4D2909759 /* Pods-TopNews.debug.xcconfig */,
				D34341FEB15809F01987DAAC /* Pods-TopNews.release.xcconfig */,
				35745DD203321DD7A4FDF7D9 /* Pods-TopNewsTests.debug.xcconfig */,
				ACF9936E698C48D819FC9444 /* Pods-TopNewsTests.release.xcconfig */,
			);
			name = Pods;
			sourceTree = "<group>";
		};
		BF9F756D365D35D46ACD200D /* Frameworks */ = {
			isa = PBXGroup;
			children = (
				AE7245A885D4BE70E06906A4 /* Pods_TopNews.framework */,
				8C52E371B5D34BB6A86C03C7 /* Pods_TopNewsTests.framework */,
			);
			name = Frameworks;
			sourceTree = "<group>";
		};
/* End PBXGroup section */

/* Begin PBXNativeTarget section */
		061447EC208AA2E4000E7D8A /* TopNews */ = {
			isa = PBXNativeTarget;
			buildConfigurationList = 0614480A208AA2E6000E7D8A /* Build configuration list for PBXNativeTarget "TopNews" */;
			buildPhases = (
				FB0212F5E70A6026337B9E6A /* [CP] Check Pods Manifest.lock */,
				061447E9208AA2E4000E7D8A /* Sources */,
				061447EA208AA2E4000E7D8A /* Frameworks */,
				061447EB208AA2E4000E7D8A /* Resources */,
				37B8C42BF56FE4ACD1BB17DE /* [CP] Embed Pods Frameworks */,
			);
			buildRules = (
			);
			dependencies = (
			);
			name = TopNews;
			productName = TopNews;
			productReference = 061447ED208AA2E4000E7D8A /* TopNews.app */;
			productType = "com.apple.product-type.application";
		};
		06144800208AA2E6000E7D8A /* TopNewsTests */ = {
			isa = PBXNativeTarget;
			buildConfigurationList = 0614480D208AA2E6000E7D8A /* Build configuration list for PBXNativeTarget "TopNewsTests" */;
			buildPhases = (
				1B5CFF6A826FEDD7163E2E2D /* [CP] Check Pods Manifest.lock */,
				061447FD208AA2E6000E7D8A /* Sources */,
				061447FE208AA2E6000E7D8A /* Frameworks */,
				061447FF208AA2E6000E7D8A /* Resources */,
			);
			buildRules = (
			);
			dependencies = (
				06144803208AA2E6000E7D8A /* PBXTargetDependency */,
			);
			name = TopNewsTests;
			productName = TopNewsTests;
			productReference = 06144801208AA2E6000E7D8A /* TopNewsTests.xctest */;
			productType = "com.apple.product-type.bundle.unit-test";
		};
/* End PBXNativeTarget section */

/* Begin PBXProject section */
		061447E5208AA2E4000E7D8A /* Project object */ = {
			isa = PBXProject;
			attributes = {
				LastSwiftUpdateCheck = 0930;
				LastUpgradeCheck = 0930;
				ORGANIZATIONNAME = "Francis Breidenbach";
				TargetAttributes = {
					061447EC208AA2E4000E7D8A = {
						CreatedOnToolsVersion = 9.3;
					};
					06144800208AA2E6000E7D8A = {
						CreatedOnToolsVersion = 9.3;
						TestTargetID = 061447EC208AA2E4000E7D8A;
					};
				};
			};
			buildConfigurationList = 061447E8208AA2E4000E7D8A /* Build configuration list for PBXProject "TopNews" */;
			compatibilityVersion = "Xcode 9.3";
			developmentRegion = en;
			hasScannedForEncodings = 0;
			knownRegions = (
				en,
				Base,
			);
			mainGroup = 061447E4208AA2E4000E7D8A;
			productRefGroup = 061447EE208AA2E4000E7D8A /* Products */;
			projectDirPath = "";
			projectRoot = "";
			targets = (
				061447EC208AA2E4000E7D8A /* TopNews */,
				06144800208AA2E6000E7D8A /* TopNewsTests */,
			);
		};
/* End PBXProject section */

/* Begin PBXResourcesBuildPhase section */
		061447EB208AA2E4000E7D8A /* Resources */ = {
			isa = PBXResourcesBuildPhase;
			buildActionMask = 2147483647;
			files = (
				061447FB208AA2E6000E7D8A /* LaunchScreen.storyboard in Resources */,
				061447F8208AA2E6000E7D8A /* Assets.xcassets in Resources */,
				061447F6208AA2E4000E7D8A /* Main.storyboard in Resources */,
			);
			runOnlyForDeploymentPostprocessing = 0;
		};
		061447FF208AA2E6000E7D8A /* Resources */ = {
			isa = PBXResourcesBuildPhase;
			buildActionMask = 2147483647;
			files = (
			);
			runOnlyForDeploymentPostprocessing = 0;
		};
/* End PBXResourcesBuildPhase section */

/* Begin PBXShellScriptBuildPhase section */
		1B5CFF6A826FEDD7163E2E2D /* [CP] Check Pods Manifest.lock */ = {
			isa = PBXShellScriptBuildPhase;
			buildActionMask = 2147483647;
			files = (
			);
			inputPaths = (
				"${PODS_PODFILE_DIR_PATH}/Podfile.lock",
				"${PODS_ROOT}/Manifest.lock",
			);
			name = "[CP] Check Pods Manifest.lock";
			outputPaths = (
				"$(DERIVED_FILE_DIR)/Pods-TopNewsTests-checkManifestLockResult.txt",
			);
			runOnlyForDeploymentPostprocessing = 0;
			shellPath = /bin/sh;
			shellScript = "diff \"${PODS_PODFILE_DIR_PATH}/Podfile.lock\" \"${PODS_ROOT}/Manifest.lock\" > /dev/null\nif [ $? != 0 ] ; then\n    # print error to STDERR\n    echo \"error: The sandbox is not in sync with the Podfile.lock. Run 'pod install' or update your CocoaPods installation.\" >&2\n    exit 1\nfi\n# This output is used by Xcode 'outputs' to avoid re-running this script phase.\necho \"SUCCESS\" > \"${SCRIPT_OUTPUT_FILE_0}\"\n";
			showEnvVarsInLog = 0;
		};
		37B8C42BF56FE4ACD1BB17DE /* [CP] Embed Pods Frameworks */ = {
			isa = PBXShellScriptBuildPhase;
			buildActionMask = 2147483647;
			files = (
			);
			inputPaths = (
				"${SRCROOT}/Pods/Target Support Files/Pods-TopNews/Pods-TopNews-frameworks.sh",
				"${BUILT_PRODUCTS_DIR}/Alamofire/Alamofire.framework",
				"${BUILT_PRODUCTS_DIR}/Realm/Realm.framework",
				"${BUILT_PRODUCTS_DIR}/RealmSwift/RealmSwift.framework",
			);
			name = "[CP] Embed Pods Frameworks";
			outputPaths = (
				"${TARGET_BUILD_DIR}/${FRAMEWORKS_FOLDER_PATH}/Alamofire.framework",
				"${TARGET_BUILD_DIR}/${FRAMEWORKS_FOLDER_PATH}/Realm.framework",
				"${TARGET_BUILD_DIR}/${FRAMEWORKS_FOLDER_PATH}/RealmSwift.framework",
			);
			runOnlyForDeploymentPostprocessing = 0;
			shellPath = /bin/sh;
			shellScript = "\"${SRCROOT}/Pods/Target Support Files/Pods-TopNews/Pods-TopNews-frameworks.sh\"\n";
			showEnvVarsInLog = 0;
		};
		FB0212F5E70A6026337B9E6A /* [CP] Check Pods Manifest.lock */ = {
			isa = PBXShellScriptBuildPhase;
			buildActionMask = 2147483647;
			files = (
			);
			inputPaths = (
				"${PODS_PODFILE_DIR_PATH}/Podfile.lock",
				"${PODS_ROOT}/Manifest.lock",
			);
			name = "[CP] Check Pods Manifest.lock";
			outputPaths = (
				"$(DERIVED_FILE_DIR)/Pods-TopNews-checkManifestLockResult.txt",
			);
			runOnlyForDeploymentPostprocessing = 0;
			shellPath = /bin/sh;
			shellScript = "diff \"${PODS_PODFILE_DIR_PATH}/Podfile.lock\" \"${PODS_ROOT}/Manifest.lock\" > /dev/null\nif [ $? != 0 ] ; then\n    # print error to STDERR\n    echo \"error: The sandbox is not in sync with the Podfile.lock. Run 'pod install' or update your CocoaPods installation.\" >&2\n    exit 1\nfi\n# This output is used by Xcode 'outputs' to avoid re-running this script phase.\necho \"SUCCESS\" > \"${SCRIPT_OUTPUT_FILE_0}\"\n";
			showEnvVarsInLog = 0;
		};
/* End PBXShellScriptBuildPhase section */

/* Begin PBXSourcesBuildPhase section */
		061447E9208AA2E4000E7D8A /* Sources */ = {
			isa = PBXSourcesBuildPhase;
			buildActionMask = 2147483647;
			files = (
				061447F3208AA2E4000E7D8A /* ViewController.swift in Sources */,
				061447F1208AA2E4000E7D8A /* AppDelegate.swift in Sources */,
				06E499B8208AC11E004B3393 /* Article.swift in Sources */,
			);
			runOnlyForDeploymentPostprocessing = 0;
		};
		061447FD208AA2E6000E7D8A /* Sources */ = {
			isa = PBXSourcesBuildPhase;
			buildActionMask = 2147483647;
			files = (
				06144806208AA2E6000E7D8A /* TopNewsTests.swift in Sources */,
			);
			runOnlyForDeploymentPostprocessing = 0;
		};
/* End PBXSourcesBuildPhase section */

/* Begin PBXTargetDependency section */
		06144803208AA2E6000E7D8A /* PBXTargetDependency */ = {
			isa = PBXTargetDependency;
			target = 061447EC208AA2E4000E7D8A /* TopNews */;
			targetProxy = 06144802208AA2E6000E7D8A /* PBXContainerItemProxy */;
		};
/* End PBXTargetDependency section */

/* Begin PBXVariantGroup section */
		061447F4208AA2E4000E7D8A /* Main.storyboard */ = {
			isa = PBXVariantGroup;
			children = (
				061447F5208AA2E4000E7D8A /* Base */,
			);
			name = Main.storyboard;
			sourceTree = "<group>";
		};
		061447F9208AA2E6000E7D8A /* LaunchScreen.storyboard */ = {
			isa = PBXVariantGroup;
			children = (
				061447FA208AA2E6000E7D8A /* Base */,
			);
			name = LaunchScreen.storyboard;
			sourceTree = "<group>";
		};
/* End PBXVariantGroup section */

/* Begin XCBuildConfiguration section */
		06144808208AA2E6000E7D8A /* Debug */ = {
			isa = XCBuildConfiguration;
			buildSettings = {
				ALWAYS_SEARCH_USER_PATHS = NO;
				CLANG_ANALYZER_NONNULL = YES;
				CLANG_ANALYZER_NUMBER_OBJECT_CONVERSION = YES_AGGRESSIVE;
				CLANG_CXX_LANGUAGE_STANDARD = "gnu++14";
				CLANG_CXX_LIBRARY = "libc++";
				CLANG_ENABLE_MODULES = YES;
				CLANG_ENABLE_OBJC_ARC = YES;
				CLANG_ENABLE_OBJC_WEAK = YES;
				CLANG_WARN_BLOCK_CAPTURE_AUTORELEASING = YES;
				CLANG_WARN_BOOL_CONVERSION = YES;
				CLANG_WARN_COMMA = YES;
				CLANG_WARN_CONSTANT_CONVERSION = YES;
				CLANG_WARN_DEPRECATED_OBJC_IMPLEMENTATIONS = YES;
				CLANG_WARN_DIRECT_OBJC_ISA_USAGE = YES_ERROR;
				CLANG_WARN_DOCUMENTATION_COMMENTS = YES;
				CLANG_WARN_EMPTY_BODY = YES;
				CLANG_WARN_ENUM_CONVERSION = YES;
				CLANG_WARN_INFINITE_RECURSION = YES;
				CLANG_WARN_INT_CONVERSION = YES;
				CLANG_WARN_NON_LITERAL_NULL_CONVERSION = YES;
				CLANG_WARN_OBJC_IMPLICIT_RETAIN_SELF = YES;
				CLANG_WARN_OBJC_LITERAL_CONVERSION = YES;
				CLANG_WARN_OBJC_ROOT_CLASS = YES_ERROR;
				CLANG_WARN_RANGE_LOOP_ANALYSIS = YES;
				CLANG_WARN_STRICT_PROTOTYPES = YES;
				CLANG_WARN_SUSPICIOUS_MOVE = YES;
				CLANG_WARN_UNGUARDED_AVAILABILITY = YES_AGGRESSIVE;
				CLANG_WARN_UNREACHABLE_CODE = YES;
				CLANG_WARN__DUPLICATE_METHOD_MATCH = YES;
				CODE_SIGN_IDENTITY = "iPhone Developer";
				COPY_PHASE_STRIP = NO;
				DEBUG_INFORMATION_FORMAT = dwarf;
				ENABLE_STRICT_OBJC_MSGSEND = YES;
				ENABLE_TESTABILITY = YES;
				GCC_C_LANGUAGE_STANDARD = gnu11;
				GCC_DYNAMIC_NO_PIC = NO;
				GCC_NO_COMMON_BLOCKS = YES;
				GCC_OPTIMIZATION_LEVEL = 0;
				GCC_PREPROCESSOR_DEFINITIONS = (
					"DEBUG=1",
					"$(inherited)",
				);
				GCC_WARN_64_TO_32_BIT_CONVERSION = YES;
				GCC_WARN_ABOUT_RETURN_TYPE = YES_ERROR;
				GCC_WARN_UNDECLARED_SELECTOR = YES;
				GCC_WARN_UNINITIALIZED_AUTOS = YES_AGGRESSIVE;
				GCC_WARN_UNUSED_FUNCTION = YES;
				GCC_WARN_UNUSED_VARIABLE = YES;
				IPHONEOS_DEPLOYMENT_TARGET = 11.3;
				MTL_ENABLE_DEBUG_INFO = YES;
				ONLY_ACTIVE_ARCH = YES;
				SDKROOT = iphoneos;
				SWIFT_ACTIVE_COMPILATION_CONDITIONS = DEBUG;
				SWIFT_OPTIMIZATION_LEVEL = "-Onone";
			};
			name = Debug;
		};
		06144809208AA2E6000E7D8A /* Release */ = {
			isa = XCBuildConfiguration;
			buildSettings = {
				ALWAYS_SEARCH_USER_PATHS = NO;
				CLANG_ANALYZER_NONNULL = YES;
				CLANG_ANALYZER_NUMBER_OBJECT_CONVERSION = YES_AGGRESSIVE;
				CLANG_CXX_LANGUAGE_STANDARD = "gnu++14";
				CLANG_CXX_LIBRARY = "libc++";
				CLANG_ENABLE_MODULES = YES;
				CLANG_ENABLE_OBJC_ARC = YES;
				CLANG_ENABLE_OBJC_WEAK = YES;
				CLANG_WARN_BLOCK_CAPTURE_AUTORELEASING = YES;
				CLANG_WARN_BOOL_CONVERSION = YES;
				CLANG_WARN_COMMA = YES;
				CLANG_WARN_CONSTANT_CONVERSION = YES;
				CLANG_WARN_DEPRECATED_OBJC_IMPLEMENTATIONS = YES;
				CLANG_WARN_DIRECT_OBJC_ISA_USAGE = YES_ERROR;
				CLANG_WARN_DOCUMENTATION_COMMENTS = YES;
				CLANG_WARN_EMPTY_BODY = YES;
				CLANG_WARN_ENUM_CONVERSION = YES;
				CLANG_WARN_INFINITE_RECURSION = YES;
				CLANG_WARN_INT_CONVERSION = YES;
				CLANG_WARN_NON_LITERAL_NULL_CONVERSION = YES;
				CLANG_WARN_OBJC_IMPLICIT_RETAIN_SELF = YES;
				CLANG_WARN_OBJC_LITERAL_CONVERSION = YES;
				CLANG_WARN_OBJC_ROOT_CLASS = YES_ERROR;
				CLANG_WARN_RANGE_LOOP_ANALYSIS = YES;
				CLANG_WARN_STRICT_PROTOTYPES = YES;
				CLANG_WARN_SUSPICIOUS_MOVE = YES;
				CLANG_WARN_UNGUARDED_AVAILABILITY = YES_AGGRESSIVE;
				CLANG_WARN_UNREACHABLE_CODE = YES;
				CLANG_WARN__DUPLICATE_METHOD_MATCH = YES;
				CODE_SIGN_IDENTITY = "iPhone Developer";
				COPY_PHASE_STRIP = NO;
				DEBUG_INFORMATION_FORMAT = "dwarf-with-dsym";
				ENABLE_NS_ASSERTIONS = NO;
				ENABLE_STRICT_OBJC_MSGSEND = YES;
				GCC_C_LANGUAGE_STANDARD = gnu11;
				GCC_NO_COMMON_BLOCKS = YES;
				GCC_WARN_64_TO_32_BIT_CONVERSION = YES;
				GCC_WARN_ABOUT_RETURN_TYPE = YES_ERROR;
				GCC_WARN_UNDECLARED_SELECTOR = YES;
				GCC_WARN_UNINITIALIZED_AUTOS = YES_AGGRESSIVE;
				GCC_WARN_UNUSED_FUNCTION = YES;
				GCC_WARN_UNUSED_VARIABLE = YES;
				IPHONEOS_DEPLOYMENT_TARGET = 11.3;
				MTL_ENABLE_DEBUG_INFO = NO;
				SDKROOT = iphoneos;
				SWIFT_COMPILATION_MODE = wholemodule;
				SWIFT_OPTIMIZATION_LEVEL = "-O";
				VALIDATE_PRODUCT = YES;
			};
			name = Release;
		};
		0614480B208AA2E6000E7D8A /* Debug */ = {
			isa = XCBuildConfiguration;
			baseConfigurationReference = C4314E8C7CB637B4D2909759 /* Pods-TopNews.debug.xcconfig */;
			buildSettings = {
				ASSETCATALOG_COMPILER_APPICON_NAME = AppIcon;
				CODE_SIGN_STYLE = Automatic;
				DEVELOPMENT_TEAM = WA3KPNE52J;
				INFOPLIST_FILE = TopNews/Info.plist;
				LD_RUNPATH_SEARCH_PATHS = (
					"$(inherited)",
					"@executable_path/Frameworks",
				);
				PRODUCT_BUNDLE_IDENTIFIER = com.fbreidenbach.TopNews;
				PRODUCT_NAME = "$(TARGET_NAME)";
				SWIFT_VERSION = 4.0;
				TARGETED_DEVICE_FAMILY = "1,2";
			};
			name = Debug;
		};
		0614480C208AA2E6000E7D8A /* Release */ = {
			isa = XCBuildConfiguration;
			baseConfigurationReference = D34341FEB15809F01987DAAC /* Pods-TopNews.release.xcconfig */;
			buildSettings = {
				ASSETCATALOG_COMPILER_APPICON_NAME = AppIcon;
				CODE_SIGN_STYLE = Automatic;
				DEVELOPMENT_TEAM = WA3KPNE52J;
				INFOPLIST_FILE = TopNews/Info.plist;
				LD_RUNPATH_SEARCH_PATHS = (
					"$(inherited)",
					"@executable_path/Frameworks",
				);
				PRODUCT_BUNDLE_IDENTIFIER = com.fbreidenbach.TopNews;
				PRODUCT_NAME = "$(TARGET_NAME)";
				SWIFT_VERSION = 4.0;
				TARGETED_DEVICE_FAMILY = "1,2";
			};
			name = Release;
		};
		0614480E208AA2E6000E7D8A /* Debug */ = {
			isa = XCBuildConfiguration;
			baseConfigurationReference = 35745DD203321DD7A4FDF7D9 /* Pods-TopNewsTests.debug.xcconfig */;
			buildSettings = {
				ALWAYS_EMBED_SWIFT_STANDARD_LIBRARIES = YES;
				BUNDLE_LOADER = "$(TEST_HOST)";
				CODE_SIGN_STYLE = Automatic;
				DEVELOPMENT_TEAM = WA3KPNE52J;
				INFOPLIST_FILE = TopNewsTests/Info.plist;
				LD_RUNPATH_SEARCH_PATHS = (
					"$(inherited)",
					"@executable_path/Frameworks",
					"@loader_path/Frameworks",
				);
				PRODUCT_BUNDLE_IDENTIFIER = com.fbreidenbach.TopNewsTests;
				PRODUCT_NAME = "$(TARGET_NAME)";
				SWIFT_VERSION = 4.0;
				TARGETED_DEVICE_FAMILY = "1,2";
				TEST_HOST = "$(BUILT_PRODUCTS_DIR)/TopNews.app/TopNews";
			};
			name = Debug;
		};
		0614480F208AA2E6000E7D8A /* Release */ = {
			isa = XCBuildConfiguration;
			baseConfigurationReference = ACF9936E698C48D819FC9444 /* Pods-TopNewsTests.release.xcconfig */;
			buildSettings = {
				ALWAYS_EMBED_SWIFT_STANDARD_LIBRARIES = YES;
				BUNDLE_LOADER = "$(TEST_HOST)";
				CODE_SIGN_STYLE = Automatic;
				DEVELOPMENT_TEAM = WA3KPNE52J;
				INFOPLIST_FILE = TopNewsTests/Info.plist;
				LD_RUNPATH_SEARCH_PATHS = (
					"$(inherited)",
					"@executable_path/Frameworks",
					"@loader_path/Frameworks",
				);
				PRODUCT_BUNDLE_IDENTIFIER = com.fbreidenbach.TopNewsTests;
				PRODUCT_NAME = "$(TARGET_NAME)";
				SWIFT_VERSION = 4.0;
				TARGETED_DEVICE_FAMILY = "1,2";
				TEST_HOST = "$(BUILT_PRODUCTS_DIR)/TopNews.app/TopNews";
			};
			name = Release;
		};
/* End XCBuildConfiguration section */

/* Begin XCConfigurationList section */
		061447E8208AA2E4000E7D8A /* Build configuration list for PBXProject "TopNews" */ = {
			isa = XCConfigurationList;
			buildConfigurations = (
				06144808208AA2E6000E7D8A /* Debug */,
				06144809208AA2E6000E7D8A /* Release */,
			);
			defaultConfigurationIsVisible = 0;
			defaultConfigurationName = Release;
		};
		0614480A208AA2E6000E7D8A /* Build configuration list for PBXNativeTarget "TopNews" */ = {
			isa = XCConfigurationList;
			buildConfigurations = (
				0614480B208AA2E6000E7D8A /* Debug */,
				0614480C208AA2E6000E7D8A /* Release */,
			);
			defaultConfigurationIsVisible = 0;
			defaultConfigurationName = Release;
		};
		0614480D208AA2E6000E7D8A /* Build configuration list for PBXNativeTarget "TopNewsTests" */ = {
			isa = XCConfigurationList;
			buildConfigurations = (
				0614480E208AA2E6000E7D8A /* Debug */,
				0614480F208AA2E6000E7D8A /* Release */,
			);
			defaultConfigurationIsVisible = 0;
			defaultConfigurationName = Release;
		};
/* End XCConfigurationList section */
	};
	rootObject = 061447E5208AA2E4000E7D8A /* Project object */;
}
